
Microsoft Visual Studio Solution File, Format Version 12.00
# Visual Studio Version 16
VisualStudioVersion = 16.0.31911.196
MinimumVisualStudioVersion = 10.0.40219.1
Project("{FAE04EC0-301F-11D3-BF4B-00C04F79EFBC}") = "Sql_Fast", "Sql_Fast.csproj", "{8B00CB84-B5A9-4910-AE0D-5FEA300403D2}"
EndProject
Global
	GlobalSection(SolutionConfigurationPlatforms) = preSolution
		Debug|Any CPU = Debug|Any CPU
		Release|Any CPU = Release|Any CPU
	EndGlobalSection
	GlobalSection(ProjectConfigurationPlatforms) = postSolution
		{8B00CB84-B5A9-4910-AE0D-5FEA300403D2}.Debug|Any CPU.ActiveCfg = Debug|Any CPU
		{8B00CB84-B5A9-4910-AE0D-5FEA300403D2}.Debug|Any CPU.Build.0 = Debug|Any CPU
		{8B00CB84-B5A9-4910-AE0D-5FEA300403D2}.Release|Any CPU.ActiveCfg = Release|Any CPU
		{8B00CB84-B5A9-4910-AE0D-5FEA300403D2}.Release|Any CPU.Build.0 = Release|Any CPU
	EndGlobalSection
	GlobalSection(SolutionProperties) = preSolution
		HideSolutionNode = FALSE
	EndGlobalSection
	GlobalSection(ExtensibilityGlobals) = postSolution
		SolutionGuid = {FCA1B01D-1E0E-4C60-82A2-746A7BE1E594}
	EndGlobalSection
EndGlobal
